// !$*UTF8*$!
{
	archiveVersion = 1;
	classes = {
	};
	objectVersion = 50;
	objects = {

/* Begin PBXBuildFile section */
		08F17B29F4E84E9912C1B71A /* Pods_ToDo.framework in Frameworks */ = {isa = PBXBuildFile; fileRef = C33B95A6A9E4565F87F366A5 /* Pods_ToDo.framework */; };
		588F408722048F3A009C3B20 /* AppDelegate.swift in Sources */ = {isa = PBXBuildFile; fileRef = 588F408622048F3A009C3B20 /* AppDelegate.swift */; };
		588F408C22048F3A009C3B20 /* Main.storyboard in Resources */ = {isa = PBXBuildFile; fileRef = 588F408A22048F3A009C3B20 /* Main.storyboard */; };
		588F408E22048F3C009C3B20 /* Assets.xcassets in Resources */ = {isa = PBXBuildFile; fileRef = 588F408D22048F3C009C3B20 /* Assets.xcassets */; };
		588F409122048F3C009C3B20 /* LaunchScreen.storyboard in Resources */ = {isa = PBXBuildFile; fileRef = 588F408F22048F3C009C3B20 /* LaunchScreen.storyboard */; };
		588F409A22049070009C3B20 /* ToDo.xcdatamodeld in Sources */ = {isa = PBXBuildFile; fileRef = 588F409822049070009C3B20 /* ToDo.xcdatamodeld */; };
		588F40A1220490D8009C3B20 /* TDToDo+CoreDataClass.swift in Sources */ = {isa = PBXBuildFile; fileRef = 588F409F220490D8009C3B20 /* TDToDo+CoreDataClass.swift */; };
		588F40A2220490D8009C3B20 /* TDToDo+CoreDataProperties.swift in Sources */ = {isa = PBXBuildFile; fileRef = 588F40A0220490D8009C3B20 /* TDToDo+CoreDataProperties.swift */; };
		588F40A82204914A009C3B20 /* TDMainTableViewController.swift in Sources */ = {isa = PBXBuildFile; fileRef = 588F40A72204914A009C3B20 /* TDMainTableViewController.swift */; };
		588F40AA2204927C009C3B20 /* TDTickView.swift in Sources */ = {isa = PBXBuildFile; fileRef = 588F40A92204927C009C3B20 /* TDTickView.swift */; };
		588F40AE2204B1DB009C3B20 /* TDToDoTableViewCell.swift in Sources */ = {isa = PBXBuildFile; fileRef = 588F40AD2204B1DB009C3B20 /* TDToDoTableViewCell.swift */; };
/* End PBXBuildFile section */

/* Begin PBXFileReference section */
		439A1619AE184FC7513C95D4 /* Pods-ToDo.release.xcconfig */ = {isa = PBXFileReference; includeInIndex = 1; lastKnownFileType = text.xcconfig; name = "Pods-ToDo.release.xcconfig"; path = "Pods/Target Support Files/Pods-ToDo/Pods-ToDo.release.xcconfig"; sourceTree = "<group>"; };
		588F408322048F3A009C3B20 /* ToDo.app */ = {isa = PBXFileReference; explicitFileType = wrapper.application; includeInIndex = 0; path = ToDo.app; sourceTree = BUILT_PRODUCTS_DIR; };
		588F408622048F3A009C3B20 /* AppDelegate.swift */ = {isa = PBXFileReference; lastKnownFileType = sourcecode.swift; path = AppDelegate.swift; sourceTree = "<group>"; };
		588F408B22048F3A009C3B20 /* Base */ = {isa = PBXFileReference; lastKnownFileType = file.storyboard; name = Base; path = Base.lproj/Main.storyboard; sourceTree = "<group>"; };
		588F408D22048F3C009C3B20 /* Assets.xcassets */ = {isa = PBXFileReference; lastKnownFileType = folder.assetcatalog; path = Assets.xcassets; sourceTree = "<group>"; };
		588F409022048F3C009C3B20 /* Base */ = {isa = PBXFileReference; lastKnownFileType = file.storyboard; name = Base; path = Base.lproj/LaunchScreen.storyboard; sourceTree = "<group>"; };
		588F409222048F3C009C3B20 /* Info.plist */ = {isa = PBXFileReference; lastKnownFileType = text.plist.xml; path = Info.plist; sourceTree = "<group>"; };
		588F409922049070009C3B20 /* ToDo.xcdatamodel */ = {isa = PBXFileReference; lastKnownFileType = wrapper.xcdatamodel; path = ToDo.xcdatamodel; sourceTree = "<group>"; };
		588F409F220490D8009C3B20 /* TDToDo+CoreDataClass.swift */ = {isa = PBXFileReference; lastKnownFileType = sourcecode.swift; path = "TDToDo+CoreDataClass.swift"; sourceTree = "<group>"; };
		588F40A0220490D8009C3B20 /* TDToDo+CoreDataProperties.swift */ = {isa = PBXFileReference; lastKnownFileType = sourcecode.swift; path = "TDToDo+CoreDataProperties.swift"; sourceTree = "<group>"; };
		588F40A72204914A009C3B20 /* TDMainTableViewController.swift */ = {isa = PBXFileReference; lastKnownFileType = sourcecode.swift; path = TDMainTableViewController.swift; sourceTree = "<group>"; };
		588F40A92204927C009C3B20 /* TDTickView.swift */ = {isa = PBXFileReference; lastKnownFileType = sourcecode.swift; path = TDTickView.swift; sourceTree = "<group>"; };
		588F40AD2204B1DB009C3B20 /* TDToDoTableViewCell.swift */ = {isa = PBXFileReference; lastKnownFileType = sourcecode.swift; path = TDToDoTableViewCell.swift; sourceTree = "<group>"; };
		C33B95A6A9E4565F87F366A5 /* Pods_ToDo.framework */ = {isa = PBXFileReference; explicitFileType = wrapper.framework; includeInIndex = 0; path = Pods_ToDo.framework; sourceTree = BUILT_PRODUCTS_DIR; };
		DEE97F5CF9306AE7CA41316D /* Pods-ToDo.debug.xcconfig */ = {isa = PBXFileReference; includeInIndex = 1; lastKnownFileType = text.xcconfig; name = "Pods-ToDo.debug.xcconfig"; path = "Pods/Target Support Files/Pods-ToDo/Pods-ToDo.debug.xcconfig"; sourceTree = "<group>"; };
/* End PBXFileReference section */

/* Begin PBXFrameworksBuildPhase section */
		588F408022048F3A009C3B20 /* Frameworks */ = {
			isa = PBXFrameworksBuildPhase;
			buildActionMask = 2147483647;
			files = (
				08F17B29F4E84E9912C1B71A /* Pods_ToDo.framework in Frameworks */,
			);
			runOnlyForDeploymentPostprocessing = 0;
		};
/* End PBXFrameworksBuildPhase section */

/* Begin PBXGroup section */
		2EA9CEF6B9F4D1E8CD06DC68 /* Pods */ = {
			isa = PBXGroup;
			children = (
				DEE97F5CF9306AE7CA41316D /* Pods-ToDo.debug.xcconfig */,
				439A1619AE184FC7513C95D4 /* Pods-ToDo.release.xcconfig */,
			);
			name = Pods;
			sourceTree = "<group>";
		};
		588F407A22048F3A009C3B20 = {
			isa = PBXGroup;
			children = (
				588F408522048F3A009C3B20 /* ToDo */,
				588F408422048F3A009C3B20 /* Products */,
				2EA9CEF6B9F4D1E8CD06DC68 /* Pods */,
				6D7301E6C21F933492945CB7 /* Frameworks */,
			);
			sourceTree = "<group>";
		};
		588F408422048F3A009C3B20 /* Products */ = {
			isa = PBXGroup;
			children = (
				588F408322048F3A009C3B20 /* ToDo.app */,
			);
			name = Products;
			sourceTree = "<group>";
		};
		588F408522048F3A009C3B20 /* ToDo */ = {
			isa = PBXGroup;
			children = (
				588F40A622049107009C3B20 /* Views */,
				588F40A5220490F2009C3B20 /* Controllers */,
				588F40A4220490EA009C3B20 /* Resources */,
				588F40A3220490E2009C3B20 /* Models */,
				588F409222048F3C009C3B20 /* Info.plist */,
			);
			path = ToDo;
			sourceTree = "<group>";
		};
		588F40A3220490E2009C3B20 /* Models */ = {
			isa = PBXGroup;
			children = (
				588F409F220490D8009C3B20 /* TDToDo+CoreDataClass.swift */,
				588F40A0220490D8009C3B20 /* TDToDo+CoreDataProperties.swift */,
			);
			path = Models;
			sourceTree = "<group>";
		};
		588F40A4220490EA009C3B20 /* Resources */ = {
			isa = PBXGroup;
			children = (
				588F408D22048F3C009C3B20 /* Assets.xcassets */,
				588F409822049070009C3B20 /* ToDo.xcdatamodeld */,
			);
			path = Resources;
			sourceTree = "<group>";
		};
		588F40A5220490F2009C3B20 /* Controllers */ = {
			isa = PBXGroup;
			children = (
				588F408622048F3A009C3B20 /* AppDelegate.swift */,
				588F40A72204914A009C3B20 /* TDMainTableViewController.swift */,
			);
			path = Controllers;
			sourceTree = "<group>";
		};
		588F40A622049107009C3B20 /* Views */ = {
			isa = PBXGroup;
			children = (
				588F408A22048F3A009C3B20 /* Main.storyboard */,
				588F40A92204927C009C3B20 /* TDTickView.swift */,
				588F40AD2204B1DB009C3B20 /* TDToDoTableViewCell.swift */,
				588F408F22048F3C009C3B20 /* LaunchScreen.storyboard */,
			);
			path = Views;
			sourceTree = "<group>";
		};
		6D7301E6C21F933492945CB7 /* Frameworks */ = {
			isa = PBXGroup;
			children = (
				C33B95A6A9E4565F87F366A5 /* Pods_ToDo.framework */,
			);
			name = Frameworks;
			sourceTree = "<group>";
		};
/* End PBXGroup section */

/* Begin PBXNativeTarget section */
		588F408222048F3A009C3B20 /* ToDo */ = {
			isa = PBXNativeTarget;
			buildConfigurationList = 588F409522048F3C009C3B20 /* Build configuration list for PBXNativeTarget "ToDo" */;
			buildPhases = (
				067C5B3A86238B5EE270AB19 /* [CP] Check Pods Manifest.lock */,
				588F407F22048F3A009C3B20 /* Sources */,
				588F408022048F3A009C3B20 /* Frameworks */,
				588F408122048F3A009C3B20 /* Resources */,
				DC374CBCAF6D9F1D0798FE70 /* [CP] Embed Pods Frameworks */,
			);
			buildRules = (
			);
			dependencies = (
			);
			name = ToDo;
			productName = ToDo;
			productReference = 588F408322048F3A009C3B20 /* ToDo.app */;
			productType = "com.apple.product-type.application";
		};
/* End PBXNativeTarget section */

/* Begin PBXProject section */
		588F407B22048F3A009C3B20 /* Project object */ = {
			isa = PBXProject;
			attributes = {
				LastSwiftUpdateCheck = 1010;
				LastUpgradeCheck = 1010;
				ORGANIZATIONNAME = "Rick Wierenga";
				TargetAttributes = {
					588F408222048F3A009C3B20 = {
						CreatedOnToolsVersion = 10.1;
					};
				};
			};
			buildConfigurationList = 588F407E22048F3A009C3B20 /* Build configuration list for PBXProject "ToDo" */;
			compatibilityVersion = "Xcode 9.3";
			developmentRegion = en;
			hasScannedForEncodings = 0;
			knownRegions = (
				en,
				Base,
			);
			mainGroup = 588F407A22048F3A009C3B20;
			productRefGroup = 588F408422048F3A009C3B20 /* Products */;
			projectDirPath = "";
			projectRoot = "";
			targets = (
				588F408222048F3A009C3B20 /* ToDo */,
			);
		};
/* End PBXProject section */

/* Begin PBXResourcesBuildPhase section */
		588F408122048F3A009C3B20 /* Resources */ = {
			isa = PBXResourcesBuildPhase;
			buildActionMask = 2147483647;
			files = (
				588F409122048F3C009C3B20 /* LaunchScreen.storyboard in Resources */,
				588F408E22048F3C009C3B20 /* Assets.xcassets in Resources */,
				588F408C22048F3A009C3B20 /* Main.storyboard in Resources */,
			);
			runOnlyForDeploymentPostprocessing = 0;
		};
/* End PBXResourcesBuildPhase section */

/* Begin PBXShellScriptBuildPhase section */
		067C5B3A86238B5EE270AB19 /* [CP] Check Pods Manifest.lock */ = {
			isa = PBXShellScriptBuildPhase;
			buildActionMask = 2147483647;
			files = (
			);
			inputFileListPaths = (
			);
			inputPaths = (
				"${PODS_PODFILE_DIR_PATH}/Podfile.lock",
				"${PODS_ROOT}/Manifest.lock",
			);
			name = "[CP] Check Pods Manifest.lock";
			outputFileListPaths = (
			);
			outputPaths = (
				"$(DERIVED_FILE_DIR)/Pods-ToDo-checkManifestLockResult.txt",
			);
			runOnlyForDeploymentPostprocessing = 0;
			shellPath = /bin/sh;
			shellScript = "diff \"${PODS_PODFILE_DIR_PATH}/Podfile.lock\" \"${PODS_ROOT}/Manifest.lock\" > /dev/null\nif [ $? != 0 ] ; then\n    # print error to STDERR\n    echo \"error: The sandbox is not in sync with the Podfile.lock. Run 'pod install' or update your CocoaPods installation.\" >&2\n    exit 1\nfi\n# This output is used by Xcode 'outputs' to avoid re-running this script phase.\necho \"SUCCESS\" > \"${SCRIPT_OUTPUT_FILE_0}\"\n";
			showEnvVarsInLog = 0;
		};
		DC374CBCAF6D9F1D0798FE70 /* [CP] Embed Pods Frameworks */ = {
			isa = PBXShellScriptBuildPhase;
			buildActionMask = 2147483647;
			files = (
			);
			inputFileListPaths = (
			);
			inputPaths = (
				"${SRCROOT}/Pods/Target Support Files/Pods-ToDo/Pods-ToDo-frameworks.sh",
				"${BUILT_PRODUCTS_DIR}/ConfettiView/ConfettiView.framework",
			);
			name = "[CP] Embed Pods Frameworks";
			outputFileListPaths = (
			);
			outputPaths = (
				"${TARGET_BUILD_DIR}/${FRAMEWORKS_FOLDER_PATH}/ConfettiView.framework",
			);
			runOnlyForDeploymentPostprocessing = 0;
			shellPath = /bin/sh;
			shellScript = "\"${SRCROOT}/Pods/Target Support Files/Pods-ToDo/Pods-ToDo-frameworks.sh\"\n";
			showEnvVarsInLog = 0;
		};
/* End PBXShellScriptBuildPhase section */

/* Begin PBXSourcesBuildPhase section */
		588F407F22048F3A009C3B20 /* Sources */ = {
			isa = PBXSourcesBuildPhase;
			buildActionMask = 2147483647;
			files = (
				588F40AA2204927C009C3B20 /* TDTickView.swift in Sources */,
				588F40A2220490D8009C3B20 /* TDToDo+CoreDataProperties.swift in Sources */,
				588F40A82204914A009C3B20 /* TDMainTableViewController.swift in Sources */,
				588F409A22049070009C3B20 /* ToDo.xcdatamodeld in Sources */,
				588F408722048F3A009C3B20 /* AppDelegate.swift in Sources */,
				588F40AE2204B1DB009C3B20 /* TDToDoTableViewCell.swift in Sources */,
				588F40A1220490D8009C3B20 /* TDToDo+CoreDataClass.swift in Sources */,
			);
			runOnlyForDeploymentPostprocessing = 0;
		};
/* End PBXSourcesBuildPhase section */

/* Begin PBXVariantGroup section */
		588F408A22048F3A009C3B20 /* Main.storyboard */ = {
			isa = PBXVariantGroup;
			children = (
				588F408B22048F3A009C3B20 /* Base */,
			);
			name = Main.storyboard;
			sourceTree = "<group>";
		};
		588F408F22048F3C009C3B20 /* LaunchScreen.storyboard */ = {
			isa = PBXVariantGroup;
			children = (
				588F409022048F3C009C3B20 /* Base */,
			);
			name = LaunchScreen.storyboard;
			sourceTree = "<group>";
		};
/* End PBXVariantGroup section */

/* Begin XCBuildConfiguration section */
		588F409322048F3C009C3B20 /* Debug */ = {
			isa = XCBuildConfiguration;
			buildSettings = {
				ALWAYS_SEARCH_USER_PATHS = NO;
				CLANG_ANALYZER_NONNULL = YES;
				CLANG_ANALYZER_NUMBER_OBJECT_CONVERSION = YES_AGGRESSIVE;
				CLANG_CXX_LANGUAGE_STANDARD = "gnu++14";
				CLANG_CXX_LIBRARY = "libc++";
				CLANG_ENABLE_MODULES = YES;
				CLANG_ENABLE_OBJC_ARC = YES;
				CLANG_ENABLE_OBJC_WEAK = YES;
				CLANG_WARN_BLOCK_CAPTURE_AUTORELEASING = YES;
				CLANG_WARN_BOOL_CONVERSION = YES;
				CLANG_WARN_COMMA = YES;
				CLANG_WARN_CONSTANT_CONVERSION = YES;
				CLANG_WARN_DEPRECATED_OBJC_IMPLEMENTATIONS = YES;
				CLANG_WARN_DIRECT_OBJC_ISA_USAGE = YES_ERROR;
				CLANG_WARN_DOCUMENTATION_COMMENTS = YES;
				CLANG_WARN_EMPTY_BODY = YES;
				CLANG_WARN_ENUM_CONVERSION = YES;
				CLANG_WARN_INFINITE_RECURSION = YES;
				CLANG_WARN_INT_CONVERSION = YES;
				CLANG_WARN_NON_LITERAL_NULL_CONVERSION = YES;
				CLANG_WARN_OBJC_IMPLICIT_RETAIN_SELF = YES;
				CLANG_WARN_OBJC_LITERAL_CONVERSION = YES;
				CLANG_WARN_OBJC_ROOT_CLASS = YES_ERROR;
				CLANG_WARN_RANGE_LOOP_ANALYSIS = YES;
				CLANG_WARN_STRICT_PROTOTYPES = YES;
				CLANG_WARN_SUSPICIOUS_MOVE = YES;
				CLANG_WARN_UNGUARDED_AVAILABILITY = YES_AGGRESSIVE;
				CLANG_WARN_UNREACHABLE_CODE = YES;
				CLANG_WARN__DUPLICATE_METHOD_MATCH = YES;
				CODE_SIGN_IDENTITY = "iPhone Developer";
				COPY_PHASE_STRIP = NO;
				DEBUG_INFORMATION_FORMAT = dwarf;
				ENABLE_STRICT_OBJC_MSGSEND = YES;
				ENABLE_TESTABILITY = YES;
				GCC_C_LANGUAGE_STANDARD = gnu11;
				GCC_DYNAMIC_NO_PIC = NO;
				GCC_NO_COMMON_BLOCKS = YES;
				GCC_OPTIMIZATION_LEVEL = 0;
				GCC_PREPROCESSOR_DEFINITIONS = (
					"DEBUG=1",
					"$(inherited)",
				);
				GCC_WARN_64_TO_32_BIT_CONVERSION = YES;
				GCC_WARN_ABOUT_RETURN_TYPE = YES_ERROR;
				GCC_WARN_UNDECLARED_SELECTOR = YES;
				GCC_WARN_UNINITIALIZED_AUTOS = YES_AGGRESSIVE;
				GCC_WARN_UNUSED_FUNCTION = YES;
				GCC_WARN_UNUSED_VARIABLE = YES;
				IPHONEOS_DEPLOYMENT_TARGET = 12.1;
				MTL_ENABLE_DEBUG_INFO = INCLUDE_SOURCE;
				MTL_FAST_MATH = YES;
				ONLY_ACTIVE_ARCH = YES;
				SDKROOT = iphoneos;
				SWIFT_ACTIVE_COMPILATION_CONDITIONS = DEBUG;
				SWIFT_OPTIMIZATION_LEVEL = "-Onone";
			};
			name = Debug;
		};
		588F409422048F3C009C3B20 /* Release */ = {
			isa = XCBuildConfiguration;
			buildSettings = {
				ALWAYS_SEARCH_USER_PATHS = NO;
				CLANG_ANALYZER_NONNULL = YES;
				CLANG_ANALYZER_NUMBER_OBJECT_CONVERSION = YES_AGGRESSIVE;
				CLANG_CXX_LANGUAGE_STANDARD = "gnu++14";
				CLANG_CXX_LIBRARY = "libc++";
				CLANG_ENABLE_MODULES = YES;
				CLANG_ENABLE_OBJC_ARC = YES;
				CLANG_ENABLE_OBJC_WEAK = YES;
				CLANG_WARN_BLOCK_CAPTURE_AUTORELEASING = YES;
				CLANG_WARN_BOOL_CONVERSION = YES;
				CLANG_WARN_COMMA = YES;
				CLANG_WARN_CONSTANT_CONVERSION = YES;
				CLANG_WARN_DEPRECATED_OBJC_IMPLEMENTATIONS = YES;
				CLANG_WARN_DIRECT_OBJC_ISA_USAGE = YES_ERROR;
				CLANG_WARN_DOCUMENTATION_COMMENTS = YES;
				CLANG_WARN_EMPTY_BODY = YES;
				CLANG_WARN_ENUM_CONVERSION = YES;
				CLANG_WARN_INFINITE_RECURSION = YES;
				CLANG_WARN_INT_CONVERSION = YES;
				CLANG_WARN_NON_LITERAL_NULL_CONVERSION = YES;
				CLANG_WARN_OBJC_IMPLICIT_RETAIN_SELF = YES;
				CLANG_WARN_OBJC_LITERAL_CONVERSION = YES;
				CLANG_WARN_OBJC_ROOT_CLASS = YES_ERROR;
				CLANG_WARN_RANGE_LOOP_ANALYSIS = YES;
				CLANG_WARN_STRICT_PROTOTYPES = YES;
				CLANG_WARN_SUSPICIOUS_MOVE = YES;
				CLANG_WARN_UNGUARDED_AVAILABILITY = YES_AGGRESSIVE;
				CLANG_WARN_UNREACHABLE_CODE = YES;
				CLANG_WARN__DUPLICATE_METHOD_MATCH = YES;
				CODE_SIGN_IDENTITY = "iPhone Developer";
				COPY_PHASE_STRIP = NO;
				DEBUG_INFORMATION_FORMAT = "dwarf-with-dsym";
				ENABLE_NS_ASSERTIONS = NO;
				ENABLE_STRICT_OBJC_MSGSEND = YES;
				GCC_C_LANGUAGE_STANDARD = gnu11;
				GCC_NO_COMMON_BLOCKS = YES;
				GCC_WARN_64_TO_32_BIT_CONVERSION = YES;
				GCC_WARN_ABOUT_RETURN_TYPE = YES_ERROR;
				GCC_WARN_UNDECLARED_SELECTOR = YES;
				GCC_WARN_UNINITIALIZED_AUTOS = YES_AGGRESSIVE;
				GCC_WARN_UNUSED_FUNCTION = YES;
				GCC_WARN_UNUSED_VARIABLE = YES;
				IPHONEOS_DEPLOYMENT_TARGET = 12.1;
				MTL_ENABLE_DEBUG_INFO = NO;
				MTL_FAST_MATH = YES;
				SDKROOT = iphoneos;
				SWIFT_COMPILATION_MODE = wholemodule;
				SWIFT_OPTIMIZATION_LEVEL = "-O";
				VALIDATE_PRODUCT = YES;
			};
			name = Release;
		};
		588F409622048F3C009C3B20 /* Debug */ = {
			isa = XCBuildConfiguration;
			baseConfigurationReference = DEE97F5CF9306AE7CA41316D /* Pods-ToDo.debug.xcconfig */;
			buildSettings = {
				ASSETCATALOG_COMPILER_APPICON_NAME = AppIcon;
				CODE_SIGN_STYLE = Automatic;
				DEVELOPMENT_TEAM = T79AMV799Y;
				INFOPLIST_FILE = ToDo/Info.plist;
				LD_RUNPATH_SEARCH_PATHS = (
					"$(inherited)",
					"@executable_path/Frameworks",
				);
				PRODUCT_BUNDLE_IDENTIFIER = com.rickwierenga.ToDo;
				PRODUCT_NAME = "$(TARGET_NAME)";
				SWIFT_VERSION = 4.2;
				TARGETED_DEVICE_FAMILY = "1,2";
			};
			name = Debug;
		};
		588F409722048F3C009C3B20 /* Release */ = {
			isa = XCBuildConfiguration;
			baseConfigurationReference = 439A1619AE184FC7513C95D4 /* Pods-ToDo.release.xcconfig */;
			buildSettings = {
				ASSETCATALOG_COMPILER_APPICON_NAME = AppIcon;
				CODE_SIGN_STYLE = Automatic;
				DEVELOPMENT_TEAM = T79AMV799Y;
				INFOPLIST_FILE = ToDo/Info.plist;
				LD_RUNPATH_SEARCH_PATHS = (
					"$(inherited)",
					"@executable_path/Frameworks",
				);
				PRODUCT_BUNDLE_IDENTIFIER = com.rickwierenga.ToDo;
				PRODUCT_NAME = "$(TARGET_NAME)";
				SWIFT_VERSION = 4.2;
				TARGETED_DEVICE_FAMILY = "1,2";
			};
			name = Release;
		};
/* End XCBuildConfiguration section */

/* Begin XCConfigurationList section */
		588F407E22048F3A009C3B20 /* Build configuration list for PBXProject "ToDo" */ = {
			isa = XCConfigurationList;
			buildConfigurations = (
				588F409322048F3C009C3B20 /* Debug */,
				588F409422048F3C009C3B20 /* Release */,
			);
			defaultConfigurationIsVisible = 0;
			defaultConfigurationName = Release;
		};
		588F409522048F3C009C3B20 /* Build configuration list for PBXNativeTarget "ToDo" */ = {
			isa = XCConfigurationList;
			buildConfigurations = (
				588F409622048F3C009C3B20 /* Debug */,
				588F409722048F3C009C3B20 /* Release */,
			);
			defaultConfigurationIsVisible = 0;
			defaultConfigurationName = Release;
		};
/* End XCConfigurationList section */

/* Begin XCVersionGroup section */
		588F409822049070009C3B20 /* ToDo.xcdatamodeld */ = {
			isa = XCVersionGroup;
			children = (
				588F409922049070009C3B20 /* ToDo.xcdatamodel */,
			);
			currentVersion = 588F409922049070009C3B20 /* ToDo.xcdatamodel */;
			path = ToDo.xcdatamodeld;
			sourceTree = "<group>";
			versionGroupType = wrapper.xcdatamodel;
		};
/* End XCVersionGroup section */
	};
	rootObject = 588F407B22048F3A009C3B20 /* Project object */;
}
